{
  "name": "demo",
  "version": "1.0.0",
  "lockfileVersion": 1,
  "requires": true,
  "dependencies": {
    "ejs": {
      "version": "2.5.8",
      "resolved": "https://registry.npmjs.org/ejs/-/ejs-2.5.8.tgz",
      "integrity": "sha512-QIDZL54fyV8MDcAsO91BMH1ft2qGGaHIJsJIA/+t+7uvXol1dm413fPcUgUb4k8F/9457rx4/KFE4XfDifrQxQ=="
    }
  }
}
